github.com/gustnv/gosat v0.0.0-20240912235227-4a2ff32443fb h1:cwc/rvTGVjbSkNPVY4Uy0ypzN/vMV7abR/xFvwP50r4=
github.com/gustnv/gosat v0.0.0-20240912235227-4a2ff32443fb/go.mod h1:XzuA6NrNVzIJXRL7aDkO4C+IcF+JpjHIucFPkZRnHHI=
github.com/gustnv/gosat v0.0.0-20240912235601-73fdf0c86e97 h1:6HX3Hg5RQnpVfonpFjy3z+rEdxgci8/d70hy46swEm0=
github.com/gustnv/gosat v0.0.0-20240912235601-73fdf0c86e97/go.mod h1:XzuA6NrNVzIJXRL7aDkO4C+IcF+JpjHIucFPkZRnHHI=
